<?xml version="1.0" encoding="utf-8"?>
<Project ToolsVersion="4.0" xmlns="http://schemas.microsoft.com/developer/msbuild/2003">
  <ItemGroup>
    <Filter Include="Source Files">
      <UniqueIdentifier>{5392c400-9411-45ff-b74d-8a9696a71e53}</UniqueIdentifier>
    </Filter>
    <Filter Include="Generated Files">
      <UniqueIdentifier>{69741079-de5e-4516-b282-cf3a6d18c829}</UniqueIdentifier>
      <SourceControlFiles>False</SourceControlFiles>
    </Filter>
  </ItemGroup>
  <ItemGroup>
    <ClCompile Include="dlldata.c">
      <Filter>Generated Files</Filter>
    </ClCompile>
    <ClCompile Include="CopyPathToClipboardExt_i.c">
      <Filter>Generated Files</Filter>
    </ClCompile>
    <ClCompile Include="CopyPathToClipboardExt_p.c">
      <Filter>Generated Files</Filter>
    </ClCompile>
  </ItemGroup>
  <ItemGroup>
    <None Include="CopyPathToClipboardExtps.def" />
  </ItemGroup>
</Project>